
Microsoft Visual Studio Solution File, Format Version 12.00
# Visual Studio Version 16
VisualStudioVersion = 16.0.810.0
MinimumVisualStudioVersion = 10.0.40219.1
Project("{FAE04EC0-301F-11D3-BF4B-00C04F79EFBC}") = "FinalProject.Android", "FinalProject.Android\FinalProject.Android.csproj", "{BD68B00E-EA79-41F5-BB3D-8C36869F3488}"
EndProject
Project("{FAE04EC0-301F-11D3-BF4B-00C04F79EFBC}") = "FinalProject.iOS", "FinalProject.iOS\FinalProject.iOS.csproj", "{351DA22D-89C8-49AC-AE3B-CA1985363533}"
EndProject
Project("{FAE04EC0-301F-11D3-BF4B-00C04F79EFBC}") = "FinalProject", "FinalProject\FinalProject.csproj", "{31867942-0F13-4236-B5F9-4AF0DB249EC8}"
EndProject
Global
	GlobalSection(SolutionConfigurationPlatforms) = preSolution
		Debug|Any CPU = Debug|Any CPU
		Release|Any CPU = Release|Any CPU
		Debug|iPhoneSimulator = Debug|iPhoneSimulator
		Release|iPhoneSimulator = Release|iPhoneSimulator
		Debug|iPhone = Debug|iPhone
		Release|iPhone = Release|iPhone
	EndGlobalSection
	GlobalSection(ProjectConfigurationPlatforms) = postSolution
		{BD68B00E-EA79-41F5-BB3D-8C36869F3488}.Debug|Any CPU.ActiveCfg = Debug|Any CPU
		{BD68B00E-EA79-41F5-BB3D-8C36869F3488}.Debug|Any CPU.Build.0 = Debug|Any CPU
		{BD68B00E-EA79-41F5-BB3D-8C36869F3488}.Release|Any CPU.ActiveCfg = Release|Any CPU
		{BD68B00E-EA79-41F5-BB3D-8C36869F3488}.Release|Any CPU.Build.0 = Release|Any CPU
		{BD68B00E-EA79-41F5-BB3D-8C36869F3488}.Debug|iPhoneSimulator.ActiveCfg = Debug|Any CPU
		{BD68B00E-EA79-41F5-BB3D-8C36869F3488}.Debug|iPhoneSimulator.Build.0 = Debug|Any CPU
		{BD68B00E-EA79-41F5-BB3D-8C36869F3488}.Release|iPhoneSimulator.ActiveCfg = Release|Any CPU
		{BD68B00E-EA79-41F5-BB3D-8C36869F3488}.Release|iPhoneSimulator.Build.0 = Release|Any CPU
		{BD68B00E-EA79-41F5-BB3D-8C36869F3488}.Debug|iPhone.ActiveCfg = Debug|Any CPU
		{BD68B00E-EA79-41F5-BB3D-8C36869F3488}.Debug|iPhone.Build.0 = Debug|Any CPU
		{BD68B00E-EA79-41F5-BB3D-8C36869F3488}.Release|iPhone.ActiveCfg = Release|Any CPU
		{BD68B00E-EA79-41F5-BB3D-8C36869F3488}.Release|iPhone.Build.0 = Release|Any CPU
		{351DA22D-89C8-49AC-AE3B-CA1985363533}.Debug|Any CPU.ActiveCfg = Debug|iPhoneSimulator
		{351DA22D-89C8-49AC-AE3B-CA1985363533}.Debug|Any CPU.Build.0 = Debug|iPhoneSimulator
		{351DA22D-89C8-49AC-AE3B-CA1985363533}.Release|Any CPU.ActiveCfg = Release|iPhoneSimulator
		{351DA22D-89C8-49AC-AE3B-CA1985363533}.Release|Any CPU.Build.0 = Release|iPhoneSimulator
		{351DA22D-89C8-49AC-AE3B-CA1985363533}.Debug|iPhoneSimulator.ActiveCfg = Debug|iPhoneSimulator
		{351DA22D-89C8-49AC-AE3B-CA1985363533}.Debug|iPhoneSimulator.Build.0 = Debug|iPhoneSimulator
		{351DA22D-89C8-49AC-AE3B-CA1985363533}.Release|iPhoneSimulator.ActiveCfg = Release|iPhoneSimulator
		{351DA22D-89C8-49AC-AE3B-CA1985363533}.Release|iPhoneSimulator.Build.0 = Release|iPhoneSimulator
		{351DA22D-89C8-49AC-AE3B-CA1985363533}.Debug|iPhone.ActiveCfg = Debug|iPhone
		{351DA22D-89C8-49AC-AE3B-CA1985363533}.Debug|iPhone.Build.0 = Debug|iPhone
		{351DA22D-89C8-49AC-AE3B-CA1985363533}.Release|iPhone.ActiveCfg = Release|iPhone
		{351DA22D-89C8-49AC-AE3B-CA1985363533}.Release|iPhone.Build.0 = Release|iPhone
		{31867942-0F13-4236-B5F9-4AF0DB249EC8}.Debug|Any CPU.ActiveCfg = Debug|Any CPU
		{31867942-0F13-4236-B5F9-4AF0DB249EC8}.Debug|Any CPU.Build.0 = Debug|Any CPU
		{31867942-0F13-4236-B5F9-4AF0DB249EC8}.Release|Any CPU.ActiveCfg = Release|Any CPU
		{31867942-0F13-4236-B5F9-4AF0DB249EC8}.Release|Any CPU.Build.0 = Release|Any CPU
		{31867942-0F13-4236-B5F9-4AF0DB249EC8}.Debug|iPhoneSimulator.ActiveCfg = Debug|Any CPU
		{31867942-0F13-4236-B5F9-4AF0DB249EC8}.Debug|iPhoneSimulator.Build.0 = Debug|Any CPU
		{31867942-0F13-4236-B5F9-4AF0DB249EC8}.Release|iPhoneSimulator.ActiveCfg = Release|Any CPU
		{31867942-0F13-4236-B5F9-4AF0DB249EC8}.Release|iPhoneSimulator.Build.0 = Release|Any CPU
		{31867942-0F13-4236-B5F9-4AF0DB249EC8}.Debug|iPhone.ActiveCfg = Debug|Any CPU
		{31867942-0F13-4236-B5F9-4AF0DB249EC8}.Debug|iPhone.Build.0 = Debug|Any CPU
		{31867942-0F13-4236-B5F9-4AF0DB249EC8}.Release|iPhone.ActiveCfg = Release|Any CPU
		{31867942-0F13-4236-B5F9-4AF0DB249EC8}.Release|iPhone.Build.0 = Release|Any CPU
	EndGlobalSection
	GlobalSection(SolutionProperties) = preSolution
		HideSolutionNode = FALSE
	EndGlobalSection
	GlobalSection(ExtensibilityGlobals) = postSolution
		SolutionGuid = {BE256F44-E946-46D8-9F16-60101D9704DD}
	EndGlobalSection
EndGlobal
